// !$*UTF8*$!
{
	archiveVersion = 1;
	classes = {
	};
	objectVersion = 77;
	objects = {

/* Begin PBXBuildFile section */
		9DC19EFE2ED678280046CC02 /* HealthAnalyticsProjectWatchApp.app in Embed Watch Content */ = {isa = PBXBuildFile; fileRef = 9DC19EDE2ED678270046CC02 /* HealthAnalyticsProjectWatchApp.app */; settings = {ATTRIBUTES = (RemoveHeadersOnCopy, ); }; };
		9DDE3B412ECEFDEE002820F3 /* .gitignore in Resources */ = {isa = PBXBuildFile; fileRef = 9DDE3B402ECEFDEE002820F3 /* .gitignore */; };
/* End PBXBuildFile section */

/* Begin PBXContainerItemProxy section */
		9DB557432EB162E20013B496 /* PBXContainerItemProxy */ = {
			isa = PBXContainerItemProxy;
			containerPortal = 9DB5572D2EB162E00013B496 /* Project object */;
			proxyType = 1;
			remoteGlobalIDString = 9DB557342EB162E00013B496;
			remoteInfo = HealthAnalyticsProject;
		};
		9DB5574D2EB162E20013B496 /* PBXContainerItemProxy */ = {
			isa = PBXContainerItemProxy;
			containerPortal = 9DB5572D2EB162E00013B496 /* Project object */;
			proxyType = 1;
			remoteGlobalIDString = 9DB557342EB162E00013B496;
			remoteInfo = HealthAnalyticsProject;
		};
		9DC19EEB2ED678280046CC02 /* PBXContainerItemProxy */ = {
			isa = PBXContainerItemProxy;
			containerPortal = 9DB5572D2EB162E00013B496 /* Project object */;
			proxyType = 1;
			remoteGlobalIDString = 9DC19EDD2ED678270046CC02;
			remoteInfo = "HealthAnalyticsProejct Watch App";
		};
		9DC19EF52ED678280046CC02 /* PBXContainerItemProxy */ = {
			isa = PBXContainerItemProxy;
			containerPortal = 9DB5572D2EB162E00013B496 /* Project object */;
			proxyType = 1;
			remoteGlobalIDString = 9DC19EDD2ED678270046CC02;
			remoteInfo = "HealthAnalyticsProejct Watch App";
		};
		9DC19EFC2ED678280046CC02 /* PBXContainerItemProxy */ = {
			isa = PBXContainerItemProxy;
			containerPortal = 9DB5572D2EB162E00013B496 /* Project object */;
			proxyType = 1;
			remoteGlobalIDString = 9DC19EDD2ED678270046CC02;
			remoteInfo = "HealthAnalyticsProejct Watch App";
		};
/* End PBXContainerItemProxy section */

/* Begin PBXCopyFilesBuildPhase section */
		9DC19EFF2ED678280046CC02 /* Embed Watch Content */ = {
			isa = PBXCopyFilesBuildPhase;
			buildActionMask = 2147483647;
			dstPath = "$(CONTENTS_FOLDER_PATH)/Watch";
			dstSubfolderSpec = 16;
			files = (
				9DC19EFE2ED678280046CC02 /* HealthAnalyticsProjectWatchApp.app in Embed Watch Content */,
			);
			name = "Embed Watch Content";
			runOnlyForDeploymentPostprocessing = 0;
		};
/* End PBXCopyFilesBuildPhase section */

/* Begin PBXFileReference section */
		9DB557352EB162E00013B496 /* HealthAnalyticsProject.app */ = {isa = PBXFileReference; explicitFileType = wrapper.application; includeInIndex = 0; path = HealthAnalyticsProject.app; sourceTree = BUILT_PRODUCTS_DIR; };
		9DB557422EB162E20013B496 /* HealthAnalyticsProjectTests.xctest */ = {isa = PBXFileReference; explicitFileType = wrapper.cfbundle; includeInIndex = 0; path = HealthAnalyticsProjectTests.xctest; sourceTree = BUILT_PRODUCTS_DIR; };
		9DB5574C2EB162E20013B496 /* HealthAnalyticsProjectUITests.xctest */ = {isa = PBXFileReference; explicitFileType = wrapper.cfbundle; includeInIndex = 0; path = HealthAnalyticsProjectUITests.xctest; sourceTree = BUILT_PRODUCTS_DIR; };
		9DC19EDE2ED678270046CC02 /* HealthAnalyticsProjectWatchApp.app */ = {isa = PBXFileReference; explicitFileType = wrapper.application; includeInIndex = 0; path = HealthAnalyticsProjectWatchApp.app; sourceTree = BUILT_PRODUCTS_DIR; };
		9DC19EEA2ED678280046CC02 /* HealthAnalyticsProejct Watch AppTests.xctest */ = {isa = PBXFileReference; explicitFileType = wrapper.cfbundle; includeInIndex = 0; path = "HealthAnalyticsProejct Watch AppTests.xctest"; sourceTree = BUILT_PRODUCTS_DIR; };
		9DC19EF42ED678280046CC02 /* HealthAnalyticsProejct Watch AppUITests.xctest */ = {isa = PBXFileReference; explicitFileType = wrapper.cfbundle; includeInIndex = 0; path = "HealthAnalyticsProejct Watch AppUITests.xctest"; sourceTree = BUILT_PRODUCTS_DIR; };
		9DC19F0F2ED6938A0046CC02 /* HealthAnalyticsProjectWatchApp.entitlements */ = {isa = PBXFileReference; lastKnownFileType = text.plist.entitlements; path = HealthAnalyticsProjectWatchApp.entitlements; sourceTree = "<group>"; };
		9DDE3B402ECEFDEE002820F3 /* .gitignore */ = {isa = PBXFileReference; lastKnownFileType = text; path = .gitignore; sourceTree = "<group>"; };
/* End PBXFileReference section */

/* Begin PBXFileSystemSynchronizedBuildFileExceptionSet section */
		6E6436C22ECE953500FD8AD7 /* Exceptions for "HealthAnalyticsProject" folder in "HealthAnalyticsProject" target */ = {
			isa = PBXFileSystemSynchronizedBuildFileExceptionSet;
			membershipExceptions = (
				Info.plist,
			);
			target = 9DB557342EB162E00013B496 /* HealthAnalyticsProject */;
		};
/* End PBXFileSystemSynchronizedBuildFileExceptionSet section */

/* Begin PBXFileSystemSynchronizedRootGroup section */
		9DB557372EB162E00013B496 /* HealthAnalyticsProject */ = {
			isa = PBXFileSystemSynchronizedRootGroup;
			exceptions = (
				6E6436C22ECE953500FD8AD7 /* Exceptions for "HealthAnalyticsProject" folder in "HealthAnalyticsProject" target */,
			);
			path = HealthAnalyticsProject;
			sourceTree = "<group>";
		};
		9DB557452EB162E20013B496 /* HealthAnalyticsProjectTests */ = {
			isa = PBXFileSystemSynchronizedRootGroup;
			path = HealthAnalyticsProjectTests;
			sourceTree = "<group>";
		};
		9DB5574F2EB162E20013B496 /* HealthAnalyticsProjectUITests */ = {
			isa = PBXFileSystemSynchronizedRootGroup;
			path = HealthAnalyticsProjectUITests;
			sourceTree = "<group>";
		};
		9DC19EDF2ED678270046CC02 /* HealthAnalyticsProejectWatchApp */ = {
			isa = PBXFileSystemSynchronizedRootGroup;
			path = HealthAnalyticsProejectWatchApp;
			sourceTree = "<group>";
		};
		9DC19EED2ED678280046CC02 /* HealthAnalyticsProejct Watch AppTests */ = {
			isa = PBXFileSystemSynchronizedRootGroup;
			path = "HealthAnalyticsProejct Watch AppTests";
			sourceTree = "<group>";
		};
		9DC19EF72ED678280046CC02 /* HealthAnalyticsProejct Watch AppUITests */ = {
			isa = PBXFileSystemSynchronizedRootGroup;
			path = "HealthAnalyticsProejct Watch AppUITests";
			sourceTree = "<group>";
		};
/* End PBXFileSystemSynchronizedRootGroup section */

/* Begin PBXFrameworksBuildPhase section */
		9DB557322EB162E00013B496 /* Frameworks */ = {
			isa = PBXFrameworksBuildPhase;
			buildActionMask = 2147483647;
			files = (
			);
			runOnlyForDeploymentPostprocessing = 0;
		};
		9DB5573F2EB162E20013B496 /* Frameworks */ = {
			isa = PBXFrameworksBuildPhase;
			buildActionMask = 2147483647;
			files = (
			);
			runOnlyForDeploymentPostprocessing = 0;
		};
		9DB557492EB162E20013B496 /* Frameworks */ = {
			isa = PBXFrameworksBuildPhase;
			buildActionMask = 2147483647;
			files = (
			);
			runOnlyForDeploymentPostprocessing = 0;
		};
		9DC19EDB2ED678270046CC02 /* Frameworks */ = {
			isa = PBXFrameworksBuildPhase;
			buildActionMask = 2147483647;
			files = (
			);
			runOnlyForDeploymentPostprocessing = 0;
		};
		9DC19EE72ED678280046CC02 /* Frameworks */ = {
			isa = PBXFrameworksBuildPhase;
			buildActionMask = 2147483647;
			files = (
			);
			runOnlyForDeploymentPostprocessing = 0;
		};
		9DC19EF12ED678280046CC02 /* Frameworks */ = {
			isa = PBXFrameworksBuildPhase;
			buildActionMask = 2147483647;
			files = (
			);
			runOnlyForDeploymentPostprocessing = 0;
		};
/* End PBXFrameworksBuildPhase section */

/* Begin PBXGroup section */
		9DB5572C2EB162E00013B496 = {
			isa = PBXGroup;
			children = (
				9DC19F0F2ED6938A0046CC02 /* HealthAnalyticsProjectWatchApp.entitlements */,
				9DDE3B402ECEFDEE002820F3 /* .gitignore */,
				9DB557372EB162E00013B496 /* HealthAnalyticsProject */,
				9DB557452EB162E20013B496 /* HealthAnalyticsProjectTests */,
				9DB5574F2EB162E20013B496 /* HealthAnalyticsProjectUITests */,
				9DC19EDF2ED678270046CC02 /* HealthAnalyticsProejectWatchApp */,
				9DC19EED2ED678280046CC02 /* HealthAnalyticsProejct Watch AppTests */,
				9DC19EF72ED678280046CC02 /* HealthAnalyticsProejct Watch AppUITests */,
				9DB557362EB162E00013B496 /* Products */,
			);
			sourceTree = "<group>";
		};
		9DB557362EB162E00013B496 /* Products */ = {
			isa = PBXGroup;
			children = (
				9DB557352EB162E00013B496 /* HealthAnalyticsProject.app */,
				9DB557422EB162E20013B496 /* HealthAnalyticsProjectTests.xctest */,
				9DB5574C2EB162E20013B496 /* HealthAnalyticsProjectUITests.xctest */,
				9DC19EDE2ED678270046CC02 /* HealthAnalyticsProjectWatchApp.app */,
				9DC19EEA2ED678280046CC02 /* HealthAnalyticsProejct Watch AppTests.xctest */,
				9DC19EF42ED678280046CC02 /* HealthAnalyticsProejct Watch AppUITests.xctest */,
			);
			name = Products;
			sourceTree = "<group>";
		};
/* End PBXGroup section */

/* Begin PBXNativeTarget section */
		9DB557342EB162E00013B496 /* HealthAnalyticsProject */ = {
			isa = PBXNativeTarget;
			buildConfigurationList = 9DB557562EB162E20013B496 /* Build configuration list for PBXNativeTarget "HealthAnalyticsProject" */;
			buildPhases = (
				9DB557312EB162E00013B496 /* Sources */,
				9DB557322EB162E00013B496 /* Frameworks */,
				9DB557332EB162E00013B496 /* Resources */,
				9DC19EFF2ED678280046CC02 /* Embed Watch Content */,
			);
			buildRules = (
			);
			dependencies = (
				9DC19EFD2ED678280046CC02 /* PBXTargetDependency */,
			);
			fileSystemSynchronizedGroups = (
				9DB557372EB162E00013B496 /* HealthAnalyticsProject */,
			);
			name = HealthAnalyticsProject;
			packageProductDependencies = (
			);
			productName = HealthAnalyticsProject;
			productReference = 9DB557352EB162E00013B496 /* HealthAnalyticsProject.app */;
			productType = "com.apple.product-type.application";
		};
		9DB557412EB162E20013B496 /* HealthAnalyticsProjectTests */ = {
			isa = PBXNativeTarget;
			buildConfigurationList = 9DB557592EB162E20013B496 /* Build configuration list for PBXNativeTarget "HealthAnalyticsProjectTests" */;
			buildPhases = (
				9DB5573E2EB162E20013B496 /* Sources */,
				9DB5573F2EB162E20013B496 /* Frameworks */,
				9DB557402EB162E20013B496 /* Resources */,
			);
			buildRules = (
			);
			dependencies = (
				9DB557442EB162E20013B496 /* PBXTargetDependency */,
			);
			fileSystemSynchronizedGroups = (
				9DB557452EB162E20013B496 /* HealthAnalyticsProjectTests */,
			);
			name = HealthAnalyticsProjectTests;
			packageProductDependencies = (
			);
			productName = HealthAnalyticsProjectTests;
			productReference = 9DB557422EB162E20013B496 /* HealthAnalyticsProjectTests.xctest */;
			productType = "com.apple.product-type.bundle.unit-test";
		};
		9DB5574B2EB162E20013B496 /* HealthAnalyticsProjectUITests */ = {
			isa = PBXNativeTarget;
			buildConfigurationList = 9DB5575C2EB162E20013B496 /* Build configuration list for PBXNativeTarget "HealthAnalyticsProjectUITests" */;
			buildPhases = (
				9DB557482EB162E20013B496 /* Sources */,
				9DB557492EB162E20013B496 /* Frameworks */,
				9DB5574A2EB162E20013B496 /* Resources */,
			);
			buildRules = (
			);
			dependencies = (
				9DB5574E2EB162E20013B496 /* PBXTargetDependency */,
			);
			fileSystemSynchronizedGroups = (
				9DB5574F2EB162E20013B496 /* HealthAnalyticsProjectUITests */,
			);
			name = HealthAnalyticsProjectUITests;
			packageProductDependencies = (
			);
			productName = HealthAnalyticsProjectUITests;
			productReference = 9DB5574C2EB162E20013B496 /* HealthAnalyticsProjectUITests.xctest */;
			productType = "com.apple.product-type.bundle.ui-testing";
		};
		9DC19EDD2ED678270046CC02 /* HealthAnalyticsProjectWatchApp */ = {
			isa = PBXNativeTarget;
			buildConfigurationList = 9DC19F062ED678280046CC02 /* Build configuration list for PBXNativeTarget "HealthAnalyticsProjectWatchApp" */;
			buildPhases = (
				9DC19EDA2ED678270046CC02 /* Sources */,
				9DC19EDB2ED678270046CC02 /* Frameworks */,
				9DC19EDC2ED678270046CC02 /* Resources */,
			);
			buildRules = (
			);
			dependencies = (
			);
			fileSystemSynchronizedGroups = (
				9DC19EDF2ED678270046CC02 /* HealthAnalyticsProejectWatchApp */,
			);
			name = HealthAnalyticsProjectWatchApp;
			packageProductDependencies = (
			);
			productName = "HealthAnalyticsProejct Watch App";
			productReference = 9DC19EDE2ED678270046CC02 /* HealthAnalyticsProjectWatchApp.app */;
			productType = "com.apple.product-type.application";
		};
		9DC19EE92ED678280046CC02 /* HealthAnalyticsProejct Watch AppTests */ = {
			isa = PBXNativeTarget;
			buildConfigurationList = 9DC19F072ED678280046CC02 /* Build configuration list for PBXNativeTarget "HealthAnalyticsProejct Watch AppTests" */;
			buildPhases = (
				9DC19EE62ED678280046CC02 /* Sources */,
				9DC19EE72ED678280046CC02 /* Frameworks */,
				9DC19EE82ED678280046CC02 /* Resources */,
			);
			buildRules = (
			);
			dependencies = (
				9DC19EEC2ED678280046CC02 /* PBXTargetDependency */,
			);
			fileSystemSynchronizedGroups = (
				9DC19EED2ED678280046CC02 /* HealthAnalyticsProejct Watch AppTests */,
			);
			name = "HealthAnalyticsProejct Watch AppTests";
			packageProductDependencies = (
			);
			productName = "HealthAnalyticsProejct Watch AppTests";
			productReference = 9DC19EEA2ED678280046CC02 /* HealthAnalyticsProejct Watch AppTests.xctest */;
			productType = "com.apple.product-type.bundle.unit-test";
		};
		9DC19EF32ED678280046CC02 /* HealthAnalyticsProejct Watch AppUITests */ = {
			isa = PBXNativeTarget;
			buildConfigurationList = 9DC19F082ED678280046CC02 /* Build configuration list for PBXNativeTarget "HealthAnalyticsProejct Watch AppUITests" */;
			buildPhases = (
				9DC19EF02ED678280046CC02 /* Sources */,
				9DC19EF12ED678280046CC02 /* Frameworks */,
				9DC19EF22ED678280046CC02 /* Resources */,
			);
			buildRules = (
			);
			dependencies = (
				9DC19EF62ED678280046CC02 /* PBXTargetDependency */,
			);
			fileSystemSynchronizedGroups = (
				9DC19EF72ED678280046CC02 /* HealthAnalyticsProejct Watch AppUITests */,
			);
			name = "HealthAnalyticsProejct Watch AppUITests";
			packageProductDependencies = (
			);
			productName = "HealthAnalyticsProejct Watch AppUITests";
			productReference = 9DC19EF42ED678280046CC02 /* HealthAnalyticsProejct Watch AppUITests.xctest */;
			productType = "com.apple.product-type.bundle.ui-testing";
		};
/* End PBXNativeTarget section */

/* Begin PBXProject section */
		9DB5572D2EB162E00013B496 /* Project object */ = {
			isa = PBXProject;
			attributes = {
				BuildIndependentTargetsInParallel = 1;
				LastSwiftUpdateCheck = 2610;
				LastUpgradeCheck = 2600;
				TargetAttributes = {
					9DB557342EB162E00013B496 = {
						CreatedOnToolsVersion = 26.0.1;
					};
					9DB557412EB162E20013B496 = {
						CreatedOnToolsVersion = 26.0.1;
						TestTargetID = 9DB557342EB162E00013B496;
					};
					9DB5574B2EB162E20013B496 = {
						CreatedOnToolsVersion = 26.0.1;
						TestTargetID = 9DB557342EB162E00013B496;
					};
					9DC19EDD2ED678270046CC02 = {
						CreatedOnToolsVersion = 26.1.1;
					};
					9DC19EE92ED678280046CC02 = {
						CreatedOnToolsVersion = 26.1.1;
						TestTargetID = 9DC19EDD2ED678270046CC02;
					};
					9DC19EF32ED678280046CC02 = {
						CreatedOnToolsVersion = 26.1.1;
						TestTargetID = 9DC19EDD2ED678270046CC02;
					};
				};
			};
			buildConfigurationList = 9DB557302EB162E00013B496 /* Build configuration list for PBXProject "HealthAnalyticsProject" */;
			developmentRegion = en;
			hasScannedForEncodings = 0;
			knownRegions = (
				en,
				Base,
			);
			mainGroup = 9DB5572C2EB162E00013B496;
			minimizedProjectReferenceProxies = 1;
			preferredProjectObjectVersion = 77;
			productRefGroup = 9DB557362EB162E00013B496 /* Products */;
			projectDirPath = "";
			projectRoot = "";
			targets = (
				9DB557342EB162E00013B496 /* HealthAnalyticsProject */,
				9DB557412EB162E20013B496 /* HealthAnalyticsProjectTests */,
				9DB5574B2EB162E20013B496 /* HealthAnalyticsProjectUITests */,
				9DC19EDD2ED678270046CC02 /* HealthAnalyticsProjectWatchApp */,
				9DC19EE92ED678280046CC02 /* HealthAnalyticsProejct Watch AppTests */,
				9DC19EF32ED678280046CC02 /* HealthAnalyticsProejct Watch AppUITests */,
			);
		};
/* End PBXProject section */

/* Begin PBXResourcesBuildPhase section */
		9DB557332EB162E00013B496 /* Resources */ = {
			isa = PBXResourcesBuildPhase;
			buildActionMask = 2147483647;
			files = (
				9DDE3B412ECEFDEE002820F3 /* .gitignore in Resources */,
			);
			runOnlyForDeploymentPostprocessing = 0;
		};
		9DB557402EB162E20013B496 /* Resources */ = {
			isa = PBXResourcesBuildPhase;
			buildActionMask = 2147483647;
			files = (
			);
			runOnlyForDeploymentPostprocessing = 0;
		};
		9DB5574A2EB162E20013B496 /* Resources */ = {
			isa = PBXResourcesBuildPhase;
			buildActionMask = 2147483647;
			files = (
			);
			runOnlyForDeploymentPostprocessing = 0;
		};
		9DC19EDC2ED678270046CC02 /* Resources */ = {
			isa = PBXResourcesBuildPhase;
			buildActionMask = 2147483647;
			files = (
			);
			runOnlyForDeploymentPostprocessing = 0;
		};
		9DC19EE82ED678280046CC02 /* Resources */ = {
			isa = PBXResourcesBuildPhase;
			buildActionMask = 2147483647;
			files = (
			);
			runOnlyForDeploymentPostprocessing = 0;
		};
		9DC19EF22ED678280046CC02 /* Resources */ = {
			isa = PBXResourcesBuildPhase;
			buildActionMask = 2147483647;
			files = (
			);
			runOnlyForDeploymentPostprocessing = 0;
		};
/* End PBXResourcesBuildPhase section */

/* Begin PBXSourcesBuildPhase section */
		9DB557312EB162E00013B496 /* Sources */ = {
			isa = PBXSourcesBuildPhase;
			buildActionMask = 2147483647;
			files = (
			);
			runOnlyForDeploymentPostprocessing = 0;
		};
		9DB5573E2EB162E20013B496 /* Sources */ = {
			isa = PBXSourcesBuildPhase;
			buildActionMask = 2147483647;
			files = (
			);
			runOnlyForDeploymentPostprocessing = 0;
		};
		9DB557482EB162E20013B496 /* Sources */ = {
			isa = PBXSourcesBuildPhase;
			buildActionMask = 2147483647;
			files = (
			);
			runOnlyForDeploymentPostprocessing = 0;
		};
		9DC19EDA2ED678270046CC02 /* Sources */ = {
			isa = PBXSourcesBuildPhase;
			buildActionMask = 2147483647;
			files = (
			);
			runOnlyForDeploymentPostprocessing = 0;
		};
		9DC19EE62ED678280046CC02 /* Sources */ = {
			isa = PBXSourcesBuildPhase;
			buildActionMask = 2147483647;
			files = (
			);
			runOnlyForDeploymentPostprocessing = 0;
		};
		9DC19EF02ED678280046CC02 /* Sources */ = {
			isa = PBXSourcesBuildPhase;
			buildActionMask = 2147483647;
			files = (
			);
			runOnlyForDeploymentPostprocessing = 0;
		};
/* End PBXSourcesBuildPhase section */

/* Begin PBXTargetDependency section */
		9DB557442EB162E20013B496 /* PBXTargetDependency */ = {
			isa = PBXTargetDependency;
			target = 9DB557342EB162E00013B496 /* HealthAnalyticsProject */;
			targetProxy = 9DB557432EB162E20013B496 /* PBXContainerItemProxy */;
		};
		9DB5574E2EB162E20013B496 /* PBXTargetDependency */ = {
			isa = PBXTargetDependency;
			target = 9DB557342EB162E00013B496 /* HealthAnalyticsProject */;
			targetProxy = 9DB5574D2EB162E20013B496 /* PBXContainerItemProxy */;
		};
		9DC19EEC2ED678280046CC02 /* PBXTargetDependency */ = {
			isa = PBXTargetDependency;
			target = 9DC19EDD2ED678270046CC02 /* HealthAnalyticsProjectWatchApp */;
			targetProxy = 9DC19EEB2ED678280046CC02 /* PBXContainerItemProxy */;
		};
		9DC19EF62ED678280046CC02 /* PBXTargetDependency */ = {
			isa = PBXTargetDependency;
			target = 9DC19EDD2ED678270046CC02 /* HealthAnalyticsProjectWatchApp */;
			targetProxy = 9DC19EF52ED678280046CC02 /* PBXContainerItemProxy */;
		};
		9DC19EFD2ED678280046CC02 /* PBXTargetDependency */ = {
			isa = PBXTargetDependency;
			target = 9DC19EDD2ED678270046CC02 /* HealthAnalyticsProjectWatchApp */;
			targetProxy = 9DC19EFC2ED678280046CC02 /* PBXContainerItemProxy */;
		};
/* End PBXTargetDependency section */

/* Begin XCBuildConfiguration section */
		9DB557542EB162E20013B496 /* Debug */ = {
			isa = XCBuildConfiguration;
			buildSettings = {
				ALWAYS_SEARCH_USER_PATHS = NO;
				ASSETCATALOG_COMPILER_GENERATE_SWIFT_ASSET_SYMBOL_EXTENSIONS = YES;
				CLANG_ANALYZER_NONNULL = YES;
				CLANG_ANALYZER_NUMBER_OBJECT_CONVERSION = YES_AGGRESSIVE;
				CLANG_CXX_LANGUAGE_STANDARD = "gnu++20";
				CLANG_ENABLE_MODULES = YES;
				CLANG_ENABLE_OBJC_ARC = YES;
				CLANG_ENABLE_OBJC_WEAK = YES;
				CLANG_WARN_BLOCK_CAPTURE_AUTORELEASING = YES;
				CLANG_WARN_BOOL_CONVERSION = YES;
				CLANG_WARN_COMMA = YES;
				CLANG_WARN_CONSTANT_CONVERSION = YES;
				CLANG_WARN_DEPRECATED_OBJC_IMPLEMENTATIONS = YES;
				CLANG_WARN_DIRECT_OBJC_ISA_USAGE = YES_ERROR;
				CLANG_WARN_DOCUMENTATION_COMMENTS = YES;
				CLANG_WARN_EMPTY_BODY = YES;
				CLANG_WARN_ENUM_CONVERSION = YES;
				CLANG_WARN_INFINITE_RECURSION = YES;
				CLANG_WARN_INT_CONVERSION = YES;
				CLANG_WARN_NON_LITERAL_NULL_CONVERSION = YES;
				CLANG_WARN_OBJC_IMPLICIT_RETAIN_SELF = YES;
				CLANG_WARN_OBJC_LITERAL_CONVERSION = YES;
				CLANG_WARN_OBJC_ROOT_CLASS = YES_ERROR;
				CLANG_WARN_QUOTED_INCLUDE_IN_FRAMEWORK_HEADER = YES;
				CLANG_WARN_RANGE_LOOP_ANALYSIS = YES;
				CLANG_WARN_STRICT_PROTOTYPES = YES;
				CLANG_WARN_SUSPICIOUS_MOVE = YES;
				CLANG_WARN_UNGUARDED_AVAILABILITY = YES_AGGRESSIVE;
				CLANG_WARN_UNREACHABLE_CODE = YES;
				CLANG_WARN__DUPLICATE_METHOD_MATCH = YES;
				COPY_PHASE_STRIP = NO;
				DEBUG_INFORMATION_FORMAT = dwarf;
				ENABLE_STRICT_OBJC_MSGSEND = YES;
				ENABLE_TESTABILITY = YES;
				ENABLE_USER_SCRIPT_SANDBOXING = YES;
				GCC_C_LANGUAGE_STANDARD = gnu17;
				GCC_DYNAMIC_NO_PIC = NO;
				GCC_NO_COMMON_BLOCKS = YES;
				GCC_OPTIMIZATION_LEVEL = 0;
				GCC_PREPROCESSOR_DEFINITIONS = (
					"DEBUG=1",
					"$(inherited)",
				);
				GCC_WARN_64_TO_32_BIT_CONVERSION = YES;
				GCC_WARN_ABOUT_RETURN_TYPE = YES_ERROR;
				GCC_WARN_UNDECLARED_SELECTOR = YES;
				GCC_WARN_UNINITIALIZED_AUTOS = YES_AGGRESSIVE;
				GCC_WARN_UNUSED_FUNCTION = YES;
				GCC_WARN_UNUSED_VARIABLE = YES;
				IPHONEOS_DEPLOYMENT_TARGET = 26.0;
				LOCALIZATION_PREFERS_STRING_CATALOGS = YES;
				MTL_ENABLE_DEBUG_INFO = INCLUDE_SOURCE;
				MTL_FAST_MATH = YES;
				ONLY_ACTIVE_ARCH = YES;
				SDKROOT = iphoneos;
				SWIFT_ACTIVE_COMPILATION_CONDITIONS = "DEBUG $(inherited)";
				SWIFT_OPTIMIZATION_LEVEL = "-Onone";
			};
			name = Debug;
		};
		9DB557552EB162E20013B496 /* Release */ = {
			isa = XCBuildConfiguration;
			buildSettings = {
				ALWAYS_SEARCH_USER_PATHS = NO;
				ASSETCATALOG_COMPILER_GENERATE_SWIFT_ASSET_SYMBOL_EXTENSIONS = YES;
				CLANG_ANALYZER_NONNULL = YES;
				CLANG_ANALYZER_NUMBER_OBJECT_CONVERSION = YES_AGGRESSIVE;
				CLANG_CXX_LANGUAGE_STANDARD = "gnu++20";
				CLANG_ENABLE_MODULES = YES;
				CLANG_ENABLE_OBJC_ARC = YES;
				CLANG_ENABLE_OBJC_WEAK = YES;
				CLANG_WARN_BLOCK_CAPTURE_AUTORELEASING = YES;
				CLANG_WARN_BOOL_CONVERSION = YES;
				CLANG_WARN_COMMA = YES;
				CLANG_WARN_CONSTANT_CONVERSION = YES;
				CLANG_WARN_DEPRECATED_OBJC_IMPLEMENTATIONS = YES;
				CLANG_WARN_DIRECT_OBJC_ISA_USAGE = YES_ERROR;
				CLANG_WARN_DOCUMENTATION_COMMENTS = YES;
				CLANG_WARN_EMPTY_BODY = YES;
				CLANG_WARN_ENUM_CONVERSION = YES;
				CLANG_WARN_INFINITE_RECURSION = YES;
				CLANG_WARN_INT_CONVERSION = YES;
				CLANG_WARN_NON_LITERAL_NULL_CONVERSION = YES;
				CLANG_WARN_OBJC_IMPLICIT_RETAIN_SELF = YES;
				CLANG_WARN_OBJC_LITERAL_CONVERSION = YES;
				CLANG_WARN_OBJC_ROOT_CLASS = YES_ERROR;
				CLANG_WARN_QUOTED_INCLUDE_IN_FRAMEWORK_HEADER = YES;
				CLANG_WARN_RANGE_LOOP_ANALYSIS = YES;
				CLANG_WARN_STRICT_PROTOTYPES = YES;
				CLANG_WARN_SUSPICIOUS_MOVE = YES;
				CLANG_WARN_UNGUARDED_AVAILABILITY = YES_AGGRESSIVE;
				CLANG_WARN_UNREACHABLE_CODE = YES;
				CLANG_WARN__DUPLICATE_METHOD_MATCH = YES;
				COPY_PHASE_STRIP = NO;
				DEBUG_INFORMATION_FORMAT = "dwarf-with-dsym";
				ENABLE_NS_ASSERTIONS = NO;
				ENABLE_STRICT_OBJC_MSGSEND = YES;
				ENABLE_USER_SCRIPT_SANDBOXING = YES;
				GCC_C_LANGUAGE_STANDARD = gnu17;
				GCC_NO_COMMON_BLOCKS = YES;
				GCC_WARN_64_TO_32_BIT_CONVERSION = YES;
				GCC_WARN_ABOUT_RETURN_TYPE = YES_ERROR;
				GCC_WARN_UNDECLARED_SELECTOR = YES;
				GCC_WARN_UNINITIALIZED_AUTOS = YES_AGGRESSIVE;
				GCC_WARN_UNUSED_FUNCTION = YES;
				GCC_WARN_UNUSED_VARIABLE = YES;
				IPHONEOS_DEPLOYMENT_TARGET = 26.0;
				LOCALIZATION_PREFERS_STRING_CATALOGS = YES;
				MTL_ENABLE_DEBUG_INFO = NO;
				MTL_FAST_MATH = YES;
				SDKROOT = iphoneos;
				SWIFT_COMPILATION_MODE = wholemodule;
				VALIDATE_PRODUCT = YES;
			};
			name = Release;
		};
		9DB557572EB162E20013B496 /* Debug */ = {
			isa = XCBuildConfiguration;
			buildSettings = {
				ASSETCATALOG_COMPILER_APPICON_NAME = AppIcon;
				ASSETCATALOG_COMPILER_GLOBAL_ACCENT_COLOR_NAME = AccentColor;
				CODE_SIGN_ENTITLEMENTS = HealthAnalyticsProject/HealthAnalyticsProject.entitlements;
				CODE_SIGN_STYLE = Automatic;
				CURRENT_PROJECT_VERSION = 1;
				DEVELOPMENT_TEAM = 9XSMVF34QX;
				ENABLE_PREVIEWS = YES;
				GENERATE_INFOPLIST_FILE = YES;
				INFOPLIST_FILE = HealthAnalyticsProject/Info.plist;
				INFOPLIST_KEY_NSHealthShareUsageDescription = "We use heart rate, HRV, and sleep data to analyze stress patterns.";
				INFOPLIST_KEY_NSHealthUpdateUsageDescription = "We may write annotations to Health data in the future.";
				INFOPLIST_KEY_NSLocationAlwaysAndWhenInUseUsageDescription = "We need continuous location to notify you when you haven't moved for an hour.";
				INFOPLIST_KEY_NSLocationWhenInUseUsageDescription = "We use your location to detect when you've been sitting still for too long.";
				INFOPLIST_KEY_UIApplicationSceneManifest_Generation = YES;
				INFOPLIST_KEY_UIApplicationSupportsIndirectInputEvents = YES;
				INFOPLIST_KEY_UILaunchScreen_Generation = YES;
				INFOPLIST_KEY_UISupportedInterfaceOrientations_iPad = "UIInterfaceOrientationPortrait UIInterfaceOrientationPortraitUpsideDown UIInterfaceOrientationLandscapeLeft UIInterfaceOrientationLandscapeRight";
				INFOPLIST_KEY_UISupportedInterfaceOrientations_iPhone = "UIInterfaceOrientationPortrait UIInterfaceOrientationLandscapeLeft UIInterfaceOrientationLandscapeRight";
				IPHONEOS_DEPLOYMENT_TARGET = 17.6;
				LD_RUNPATH_SEARCH_PATHS = (
					"$(inherited)",
					"@executable_path/Frameworks",
				);
				MARKETING_VERSION = 1.0;
				PRODUCT_BUNDLE_IDENTIFIER = UCLA.com.Jeffrey.Huang.HealthAnalyticsProject;
				PRODUCT_NAME = "$(TARGET_NAME)";
				STRING_CATALOG_GENERATE_SYMBOLS = YES;
				SWIFT_APPROACHABLE_CONCURRENCY = YES;
				SWIFT_DEFAULT_ACTOR_ISOLATION = MainActor;
				SWIFT_EMIT_LOC_STRINGS = YES;
				SWIFT_UPCOMING_FEATURE_MEMBER_IMPORT_VISIBILITY = YES;
				SWIFT_VERSION = 5.0;
				TARGETED_DEVICE_FAMILY = "1,2";
			};
			name = Debug;
		};
		9DB557582EB162E20013B496 /* Release */ = {
			isa = XCBuildConfiguration;
			buildSettings = {
				ASSETCATALOG_COMPILER_APPICON_NAME = AppIcon;
				ASSETCATALOG_COMPILER_GLOBAL_ACCENT_COLOR_NAME = AccentColor;
				CODE_SIGN_ENTITLEMENTS = HealthAnalyticsProject/HealthAnalyticsProject.entitlements;
				CODE_SIGN_STYLE = Automatic;
				CURRENT_PROJECT_VERSION = 1;
				DEVELOPMENT_TEAM = 9XSMVF34QX;
				ENABLE_PREVIEWS = YES;
				GENERATE_INFOPLIST_FILE = YES;
				INFOPLIST_FILE = HealthAnalyticsProject/Info.plist;
				INFOPLIST_KEY_NSHealthShareUsageDescription = "We use heart rate, HRV, and sleep data to analyze stress patterns.";
				INFOPLIST_KEY_NSHealthUpdateUsageDescription = "We may write annotations to Health data in the future.";
				INFOPLIST_KEY_NSLocationAlwaysAndWhenInUseUsageDescription = "We need continuous location to notify you when you haven't moved for an hour.";
				INFOPLIST_KEY_NSLocationWhenInUseUsageDescription = "We use your location to detect when you've been sitting still for too long.";
				INFOPLIST_KEY_UIApplicationSceneManifest_Generation = YES;
				INFOPLIST_KEY_UIApplicationSupportsIndirectInputEvents = YES;
				INFOPLIST_KEY_UILaunchScreen_Generation = YES;
				INFOPLIST_KEY_UISupportedInterfaceOrientations_iPad = "UIInterfaceOrientationPortrait UIInterfaceOrientationPortraitUpsideDown UIInterfaceOrientationLandscapeLeft UIInterfaceOrientationLandscapeRight";
				INFOPLIST_KEY_UISupportedInterfaceOrientations_iPhone = "UIInterfaceOrientationPortrait UIInterfaceOrientationLandscapeLeft UIInterfaceOrientationLandscapeRight";
				IPHONEOS_DEPLOYMENT_TARGET = 17.6;
				LD_RUNPATH_SEARCH_PATHS = (
					"$(inherited)",
					"@executable_path/Frameworks",
				);
				MARKETING_VERSION = 1.0;
				PRODUCT_BUNDLE_IDENTIFIER = UCLA.com.Jeffrey.Huang.HealthAnalyticsProject;
				PRODUCT_NAME = "$(TARGET_NAME)";
				STRING_CATALOG_GENERATE_SYMBOLS = YES;
				SWIFT_APPROACHABLE_CONCURRENCY = YES;
				SWIFT_DEFAULT_ACTOR_ISOLATION = MainActor;
				SWIFT_EMIT_LOC_STRINGS = YES;
				SWIFT_UPCOMING_FEATURE_MEMBER_IMPORT_VISIBILITY = YES;
				SWIFT_VERSION = 5.0;
				TARGETED_DEVICE_FAMILY = "1,2";
			};
			name = Release;
		};
		9DB5575A2EB162E20013B496 /* Debug */ = {
			isa = XCBuildConfiguration;
			buildSettings = {
				BUNDLE_LOADER = "$(TEST_HOST)";
				CODE_SIGN_STYLE = Automatic;
				CURRENT_PROJECT_VERSION = 1;
				GENERATE_INFOPLIST_FILE = YES;
				IPHONEOS_DEPLOYMENT_TARGET = 26.0;
				MARKETING_VERSION = 1.0;
				PRODUCT_BUNDLE_IDENTIFIER = UCLA.HealthAnalyticsProjectTests;
				PRODUCT_NAME = "$(TARGET_NAME)";
				STRING_CATALOG_GENERATE_SYMBOLS = NO;
				SWIFT_APPROACHABLE_CONCURRENCY = YES;
				SWIFT_EMIT_LOC_STRINGS = NO;
				SWIFT_UPCOMING_FEATURE_MEMBER_IMPORT_VISIBILITY = YES;
				SWIFT_VERSION = 5.0;
				TARGETED_DEVICE_FAMILY = "1,2";
				TEST_HOST = "$(BUILT_PRODUCTS_DIR)/HealthAnalyticsProject.app/$(BUNDLE_EXECUTABLE_FOLDER_PATH)/HealthAnalyticsProject";
			};
			name = Debug;
		};
		9DB5575B2EB162E20013B496 /* Release */ = {
			isa = XCBuildConfiguration;
			buildSettings = {
				BUNDLE_LOADER = "$(TEST_HOST)";
				CODE_SIGN_STYLE = Automatic;
				CURRENT_PROJECT_VERSION = 1;
				GENERATE_INFOPLIST_FILE = YES;
				IPHONEOS_DEPLOYMENT_TARGET = 26.0;
				MARKETING_VERSION = 1.0;
				PRODUCT_BUNDLE_IDENTIFIER = UCLA.HealthAnalyticsProjectTests;
				PRODUCT_NAME = "$(TARGET_NAME)";
				STRING_CATALOG_GENERATE_SYMBOLS = NO;
				SWIFT_APPROACHABLE_CONCURRENCY = YES;
				SWIFT_EMIT_LOC_STRINGS = NO;
				SWIFT_UPCOMING_FEATURE_MEMBER_IMPORT_VISIBILITY = YES;
				SWIFT_VERSION = 5.0;
				TARGETED_DEVICE_FAMILY = "1,2";
				TEST_HOST = "$(BUILT_PRODUCTS_DIR)/HealthAnalyticsProject.app/$(BUNDLE_EXECUTABLE_FOLDER_PATH)/HealthAnalyticsProject";
			};
			name = Release;
		};
		9DB5575D2EB162E20013B496 /* Debug */ = {
			isa = XCBuildConfiguration;
			buildSettings = {
				CODE_SIGN_STYLE = Automatic;
				CURRENT_PROJECT_VERSION = 1;
				GENERATE_INFOPLIST_FILE = YES;
				MARKETING_VERSION = 1.0;
				PRODUCT_BUNDLE_IDENTIFIER = UCLA.HealthAnalyticsProjectUITests;
				PRODUCT_NAME = "$(TARGET_NAME)";
				STRING_CATALOG_GENERATE_SYMBOLS = NO;
				SWIFT_APPROACHABLE_CONCURRENCY = YES;
				SWIFT_EMIT_LOC_STRINGS = NO;
				SWIFT_UPCOMING_FEATURE_MEMBER_IMPORT_VISIBILITY = YES;
				SWIFT_VERSION = 5.0;
				TARGETED_DEVICE_FAMILY = "1,2";
				TEST_TARGET_NAME = HealthAnalyticsProject;
			};
			name = Debug;
		};
		9DB5575E2EB162E20013B496 /* Release */ = {
			isa = XCBuildConfiguration;
			buildSettings = {
				CODE_SIGN_STYLE = Automatic;
				CURRENT_PROJECT_VERSION = 1;
				GENERATE_INFOPLIST_FILE = YES;
				MARKETING_VERSION = 1.0;
				PRODUCT_BUNDLE_IDENTIFIER = UCLA.HealthAnalyticsProjectUITests;
				PRODUCT_NAME = "$(TARGET_NAME)";
				STRING_CATALOG_GENERATE_SYMBOLS = NO;
				SWIFT_APPROACHABLE_CONCURRENCY = YES;
				SWIFT_EMIT_LOC_STRINGS = NO;
				SWIFT_UPCOMING_FEATURE_MEMBER_IMPORT_VISIBILITY = YES;
				SWIFT_VERSION = 5.0;
				TARGETED_DEVICE_FAMILY = "1,2";
				TEST_TARGET_NAME = HealthAnalyticsProject;
			};
			name = Release;
		};
		9DC19F002ED678280046CC02 /* Debug */ = {
			isa = XCBuildConfiguration;
			buildSettings = {
				ARCHS = (
					"$(ARCHS_STANDARD)",
					arm64_32,
				);
				ASSETCATALOG_COMPILER_APPICON_NAME = AppIcon;
				ASSETCATALOG_COMPILER_GLOBAL_ACCENT_COLOR_NAME = AccentColor;
				CODE_SIGN_ENTITLEMENTS = HealthAnalyticsProjectWatchApp.entitlements;
				CODE_SIGN_STYLE = Automatic;
				CURRENT_PROJECT_VERSION = 1;
				DEVELOPMENT_TEAM = 9XSMVF34QX;
				ENABLE_PREVIEWS = YES;
				GENERATE_INFOPLIST_FILE = YES;
				INFOPLIST_KEY_CFBundleDisplayName = HealthAnalyticsProject;
				INFOPLIST_KEY_NSHealthShareUsageDescription = "Biomarkers like heart rate and HRV will be used to evaluate anxiety level for the purposes of our app.";
				INFOPLIST_KEY_NSHealthUpdateUsageDescription = "Biomarkers like heart rate and HRV will be used to evaluate anxiety level for the purposes of our app.";
				INFOPLIST_KEY_UISupportedInterfaceOrientations = "UIInterfaceOrientationPortrait UIInterfaceOrientationPortraitUpsideDown";
				INFOPLIST_KEY_WKCompanionAppBundleIdentifier = UCLA.com.Jeffrey.Huang.HealthAnalyticsProject;
				LD_RUNPATH_SEARCH_PATHS = (
					"$(inherited)",
					"@executable_path/Frameworks",
				);
				MARKETING_VERSION = 1.0;
				ONLY_ACTIVE_ARCH = NO;
				PRODUCT_BUNDLE_IDENTIFIER = UCLA.com.Jeffrey.Huang.HealthAnalyticsProject.watchkitapp;
				PRODUCT_NAME = "$(TARGET_NAME)";
				SDKROOT = watchos;
				SKIP_INSTALL = YES;
				STRING_CATALOG_GENERATE_SYMBOLS = YES;
				SWIFT_APPROACHABLE_CONCURRENCY = YES;
				SWIFT_DEFAULT_ACTOR_ISOLATION = MainActor;
				SWIFT_EMIT_LOC_STRINGS = YES;
				SWIFT_UPCOMING_FEATURE_MEMBER_IMPORT_VISIBILITY = YES;
				SWIFT_VERSION = 5.0;
				TARGETED_DEVICE_FAMILY = 4;
				WATCHOS_DEPLOYMENT_TARGET = 8.7;
			};
			name = Debug;
		};
		9DC19F012ED678280046CC02 /* Release */ = {
			isa = XCBuildConfiguration;
			buildSettings = {
				ARCHS = (
					"$(ARCHS_STANDARD)",
					arm64_32,
				);
				ASSETCATALOG_COMPILER_APPICON_NAME = AppIcon;
				ASSETCATALOG_COMPILER_GLOBAL_ACCENT_COLOR_NAME = AccentColor;
				CODE_SIGN_ENTITLEMENTS = HealthAnalyticsProjectWatchApp.entitlements;
				CODE_SIGN_STYLE = Automatic;
				CURRENT_PROJECT_VERSION = 1;
				DEVELOPMENT_TEAM = 9XSMVF34QX;
				ENABLE_PREVIEWS = YES;
				GENERATE_INFOPLIST_FILE = YES;
				INFOPLIST_KEY_CFBundleDisplayName = HealthAnalyticsProject;
				INFOPLIST_KEY_NSHealthShareUsageDescription = "Biomarkers like heart rate and HRV will be used to evaluate anxiety level for the purposes of our app.";
				INFOPLIST_KEY_NSHealthUpdateUsageDescription = "Biomarkers like heart rate and HRV will be used to evaluate anxiety level for the purposes of our app.";
				INFOPLIST_KEY_UISupportedInterfaceOrientations = "UIInterfaceOrientationPortrait UIInterfaceOrientationPortraitUpsideDown";
				INFOPLIST_KEY_WKCompanionAppBundleIdentifier = UCLA.com.Jeffrey.Huang.HealthAnalyticsProject;
				LD_RUNPATH_SEARCH_PATHS = (
					"$(inherited)",
					"@executable_path/Frameworks",
				);
				MARKETING_VERSION = 1.0;
				PRODUCT_BUNDLE_IDENTIFIER = UCLA.com.Jeffrey.Huang.HealthAnalyticsProject.watchkitapp;
				PRODUCT_NAME = "$(TARGET_NAME)";
				SDKROOT = watchos;
				SKIP_INSTALL = YES;
				STRING_CATALOG_GENERATE_SYMBOLS = YES;
				SWIFT_APPROACHABLE_CONCURRENCY = YES;
				SWIFT_DEFAULT_ACTOR_ISOLATION = MainActor;
				SWIFT_EMIT_LOC_STRINGS = YES;
				SWIFT_UPCOMING_FEATURE_MEMBER_IMPORT_VISIBILITY = YES;
				SWIFT_VERSION = 5.0;
				TARGETED_DEVICE_FAMILY = 4;
				WATCHOS_DEPLOYMENT_TARGET = 8.7;
			};
			name = Release;
		};
		9DC19F022ED678280046CC02 /* Debug */ = {
			isa = XCBuildConfiguration;
			buildSettings = {
				BUNDLE_LOADER = "$(TEST_HOST)";
				CODE_SIGN_STYLE = Automatic;
				CURRENT_PROJECT_VERSION = 1;
				DEVELOPMENT_TEAM = 9XSMVF34QX;
				GENERATE_INFOPLIST_FILE = YES;
				MARKETING_VERSION = 1.0;
				PRODUCT_BUNDLE_IDENTIFIER = "UCLA.com.Jeffrey.Huang.HealthAnalyticsProejct-Watch-AppTests";
				PRODUCT_NAME = "$(TARGET_NAME)";
				SDKROOT = watchos;
				STRING_CATALOG_GENERATE_SYMBOLS = NO;
				SWIFT_APPROACHABLE_CONCURRENCY = YES;
				SWIFT_EMIT_LOC_STRINGS = NO;
				SWIFT_UPCOMING_FEATURE_MEMBER_IMPORT_VISIBILITY = YES;
				SWIFT_VERSION = 5.0;
				TARGETED_DEVICE_FAMILY = 4;
				TEST_HOST = "$(BUILT_PRODUCTS_DIR)/HealthAnalyticsProejct Watch App.app/$(BUNDLE_EXECUTABLE_FOLDER_PATH)/HealthAnalyticsProejct Watch App";
				WATCHOS_DEPLOYMENT_TARGET = 26.1;
			};
			name = Debug;
		};
		9DC19F032ED678280046CC02 /* Release */ = {
			isa = XCBuildConfiguration;
			buildSettings = {
				BUNDLE_LOADER = "$(TEST_HOST)";
				CODE_SIGN_STYLE = Automatic;
				CURRENT_PROJECT_VERSION = 1;
				DEVELOPMENT_TEAM = 9XSMVF34QX;
				GENERATE_INFOPLIST_FILE = YES;
				MARKETING_VERSION = 1.0;
				PRODUCT_BUNDLE_IDENTIFIER = "UCLA.com.Jeffrey.Huang.HealthAnalyticsProejct-Watch-AppTests";
				PRODUCT_NAME = "$(TARGET_NAME)";
				SDKROOT = watchos;
				STRING_CATALOG_GENERATE_SYMBOLS = NO;
				SWIFT_APPROACHABLE_CONCURRENCY = YES;
				SWIFT_EMIT_LOC_STRINGS = NO;
				SWIFT_UPCOMING_FEATURE_MEMBER_IMPORT_VISIBILITY = YES;
				SWIFT_VERSION = 5.0;
				TARGETED_DEVICE_FAMILY = 4;
				TEST_HOST = "$(BUILT_PRODUCTS_DIR)/HealthAnalyticsProejct Watch App.app/$(BUNDLE_EXECUTABLE_FOLDER_PATH)/HealthAnalyticsProejct Watch App";
				WATCHOS_DEPLOYMENT_TARGET = 26.1;
			};
			name = Release;
		};
		9DC19F042ED678280046CC02 /* Debug */ = {
			isa = XCBuildConfiguration;
			buildSettings = {
				CODE_SIGN_STYLE = Automatic;
				CURRENT_PROJECT_VERSION = 1;
				DEVELOPMENT_TEAM = 9XSMVF34QX;
				GENERATE_INFOPLIST_FILE = YES;
				MARKETING_VERSION = 1.0;
				PRODUCT_BUNDLE_IDENTIFIER = "UCLA.com.Jeffrey.Huang.HealthAnalyticsProejct-Watch-AppUITests";
				PRODUCT_NAME = "$(TARGET_NAME)";
				SDKROOT = watchos;
				STRING_CATALOG_GENERATE_SYMBOLS = NO;
				SWIFT_APPROACHABLE_CONCURRENCY = YES;
				SWIFT_EMIT_LOC_STRINGS = NO;
				SWIFT_UPCOMING_FEATURE_MEMBER_IMPORT_VISIBILITY = YES;
				SWIFT_VERSION = 5.0;
				TARGETED_DEVICE_FAMILY = 4;
				TEST_TARGET_NAME = "HealthAnalyticsProejct Watch App";
				WATCHOS_DEPLOYMENT_TARGET = 26.1;
			};
			name = Debug;
		};
		9DC19F052ED678280046CC02 /* Release */ = {
			isa = XCBuildConfiguration;
			buildSettings = {
				CODE_SIGN_STYLE = Automatic;
				CURRENT_PROJECT_VERSION = 1;
				DEVELOPMENT_TEAM = 9XSMVF34QX;
				GENERATE_INFOPLIST_FILE = YES;
				MARKETING_VERSION = 1.0;
				PRODUCT_BUNDLE_IDENTIFIER = "UCLA.com.Jeffrey.Huang.HealthAnalyticsProejct-Watch-AppUITests";
				PRODUCT_NAME = "$(TARGET_NAME)";
				SDKROOT = watchos;
				STRING_CATALOG_GENERATE_SYMBOLS = NO;
				SWIFT_APPROACHABLE_CONCURRENCY = YES;
				SWIFT_EMIT_LOC_STRINGS = NO;
				SWIFT_UPCOMING_FEATURE_MEMBER_IMPORT_VISIBILITY = YES;
				SWIFT_VERSION = 5.0;
				TARGETED_DEVICE_FAMILY = 4;
				TEST_TARGET_NAME = "HealthAnalyticsProejct Watch App";
				WATCHOS_DEPLOYMENT_TARGET = 26.1;
			};
			name = Release;
		};
/* End XCBuildConfiguration section */

/* Begin XCConfigurationList section */
		9DB557302EB162E00013B496 /* Build configuration list for PBXProject "HealthAnalyticsProject" */ = {
			isa = XCConfigurationList;
			buildConfigurations = (
				9DB557542EB162E20013B496 /* Debug */,
				9DB557552EB162E20013B496 /* Release */,
			);
			defaultConfigurationIsVisible = 0;
			defaultConfigurationName = Release;
		};
		9DB557562EB162E20013B496 /* Build configuration list for PBXNativeTarget "HealthAnalyticsProject" */ = {
			isa = XCConfigurationList;
			buildConfigurations = (
				9DB557572EB162E20013B496 /* Debug */,
				9DB557582EB162E20013B496 /* Release */,
			);
			defaultConfigurationIsVisible = 0;
			defaultConfigurationName = Release;
		};
		9DB557592EB162E20013B496 /* Build configuration list for PBXNativeTarget "HealthAnalyticsProjectTests" */ = {
			isa = XCConfigurationList;
			buildConfigurations = (
				9DB5575A2EB162E20013B496 /* Debug */,
				9DB5575B2EB162E20013B496 /* Release */,
			);
			defaultConfigurationIsVisible = 0;
			defaultConfigurationName = Release;
		};
		9DB5575C2EB162E20013B496 /* Build configuration list for PBXNativeTarget "HealthAnalyticsProjectUITests" */ = {
			isa = XCConfigurationList;
			buildConfigurations = (
				9DB5575D2EB162E20013B496 /* Debug */,
				9DB5575E2EB162E20013B496 /* Release */,
			);
			defaultConfigurationIsVisible = 0;
			defaultConfigurationName = Release;
		};
		9DC19F062ED678280046CC02 /* Build configuration list for PBXNativeTarget "HealthAnalyticsProjectWatchApp" */ = {
			isa = XCConfigurationList;
			buildConfigurations = (
				9DC19F002ED678280046CC02 /* Debug */,
				9DC19F012ED678280046CC02 /* Release */,
			);
			defaultConfigurationIsVisible = 0;
			defaultConfigurationName = Release;
		};
		9DC19F072ED678280046CC02 /* Build configuration list for PBXNativeTarget "HealthAnalyticsProejct Watch AppTests" */ = {
			isa = XCConfigurationList;
			buildConfigurations = (
				9DC19F022ED678280046CC02 /* Debug */,
				9DC19F032ED678280046CC02 /* Release */,
			);
			defaultConfigurationIsVisible = 0;
			defaultConfigurationName = Release;
		};
		9DC19F082ED678280046CC02 /* Build configuration list for PBXNativeTarget "HealthAnalyticsProejct Watch AppUITests" */ = {
			isa = XCConfigurationList;
			buildConfigurations = (
				9DC19F042ED678280046CC02 /* Debug */,
				9DC19F052ED678280046CC02 /* Release */,
			);
			defaultConfigurationIsVisible = 0;
			defaultConfigurationName = Release;
		};
/* End XCConfigurationList section */
	};
	rootObject = 9DB5572D2EB162E00013B496 /* Project object */;
}
